
Microsoft Visual Studio Solution File, Format Version 12.00
# Visual Studio Version 17
VisualStudioVersion = 17.9.34728.123
MinimumVisualStudioVersion = 10.0.40219.1
Project("{9A19103F-16F7-4668-BE54-9A1E7A4F7556}") = "Skinet.API", "Skinet.API.csproj", "{6964DB72-B1B1-483F-98A6-77E27AD90AB4}"
EndProject
Project("{FAE04EC0-301F-11D3-BF4B-00C04F79EFBC}") = "Core", "..\Core\Core.csproj", "{A7FBAD08-72B8-479C-98CA-6E888AE69D02}"
EndProject
Project("{FAE04EC0-301F-11D3-BF4B-00C04F79EFBC}") = "Infrastructure", "..\Infrastructure\Infrastructure.csproj", "{56F79ED8-A79E-473D-929B-C7179EA9455C}"
EndProject
Global
	GlobalSection(SolutionConfigurationPlatforms) = preSolution
		Debug|Any CPU = Debug|Any CPU
		Release|Any CPU = Release|Any CPU
	EndGlobalSection
	GlobalSection(ProjectConfigurationPlatforms) = postSolution
		{6964DB72-B1B1-483F-98A6-77E27AD90AB4}.Debug|Any CPU.ActiveCfg = Debug|Any CPU
		{6964DB72-B1B1-483F-98A6-77E27AD90AB4}.Debug|Any CPU.Build.0 = Debug|Any CPU
		{6964DB72-B1B1-483F-98A6-77E27AD90AB4}.Release|Any CPU.ActiveCfg = Release|Any CPU
		{6964DB72-B1B1-483F-98A6-77E27AD90AB4}.Release|Any CPU.Build.0 = Release|Any CPU
		{A7FBAD08-72B8-479C-98CA-6E888AE69D02}.Debug|Any CPU.ActiveCfg = Debug|Any CPU
		{A7FBAD08-72B8-479C-98CA-6E888AE69D02}.Debug|Any CPU.Build.0 = Debug|Any CPU
		{A7FBAD08-72B8-479C-98CA-6E888AE69D02}.Release|Any CPU.ActiveCfg = Release|Any CPU
		{A7FBAD08-72B8-479C-98CA-6E888AE69D02}.Release|Any CPU.Build.0 = Release|Any CPU
		{56F79ED8-A79E-473D-929B-C7179EA9455C}.Debug|Any CPU.ActiveCfg = Debug|Any CPU
		{56F79ED8-A79E-473D-929B-C7179EA9455C}.Debug|Any CPU.Build.0 = Debug|Any CPU
		{56F79ED8-A79E-473D-929B-C7179EA9455C}.Release|Any CPU.ActiveCfg = Release|Any CPU
		{56F79ED8-A79E-473D-929B-C7179EA9455C}.Release|Any CPU.Build.0 = Release|Any CPU
	EndGlobalSection
	GlobalSection(SolutionProperties) = preSolution
		HideSolutionNode = FALSE
	EndGlobalSection
	GlobalSection(ExtensibilityGlobals) = postSolution
		SolutionGuid = {BD0AD733-69E3-4DB1-B949-AA0336CAA45C}
	EndGlobalSection
EndGlobal
